// !$*UTF8*$!
{
	archiveVersion = 1;
	classes = {
	};
	objectVersion = 50;
	objects = {

/* Begin PBXBuildFile section */
		5882E28D22CBA7300048E80F /* Model.swift in Sources */ = {isa = PBXBuildFile; fileRef = 5882E28C22CBA7300048E80F /* Model.swift */; };
		5882E28F22CBA8DC0048E80F /* ModelManager.swift in Sources */ = {isa = PBXBuildFile; fileRef = 5882E28E22CBA8DC0048E80F /* ModelManager.swift */; };
		5882E29222CBA96A0048E80F /* Helper.swift in Sources */ = {isa = PBXBuildFile; fileRef = 5882E29122CBA96A0048E80F /* Helper.swift */; };
		5882E29422CBBACA0048E80F /* RecipeTableViewCell.swift in Sources */ = {isa = PBXBuildFile; fileRef = 5882E29322CBBACA0048E80F /* RecipeTableViewCell.swift */; };
		5882E29622CBBEAF0048E80F /* RecipeDetailsViewController.swift in Sources */ = {isa = PBXBuildFile; fileRef = 5882E29522CBBEAF0048E80F /* RecipeDetailsViewController.swift */; };
		58E01B8522CA6E4500BDC081 /* AppDelegate.swift in Sources */ = {isa = PBXBuildFile; fileRef = 58E01B8422CA6E4500BDC081 /* AppDelegate.swift */; };
		58E01B8722CA6E4500BDC081 /* ViewController.swift in Sources */ = {isa = PBXBuildFile; fileRef = 58E01B8622CA6E4500BDC081 /* ViewController.swift */; };
		58E01B8A22CA6E4500BDC081 /* Main.storyboard in Resources */ = {isa = PBXBuildFile; fileRef = 58E01B8822CA6E4500BDC081 /* Main.storyboard */; };
		58E01B8C22CA6E4800BDC081 /* Assets.xcassets in Resources */ = {isa = PBXBuildFile; fileRef = 58E01B8B22CA6E4800BDC081 /* Assets.xcassets */; };
		58E01B8F22CA6E4800BDC081 /* LaunchScreen.storyboard in Resources */ = {isa = PBXBuildFile; fileRef = 58E01B8D22CA6E4800BDC081 /* LaunchScreen.storyboard */; };
		897A4C2421B7D2091A4F2C9A /* Pods_RecipiesApp.framework in Frameworks */ = {isa = PBXBuildFile; fileRef = 83823A49AE77039F562666BA /* Pods_RecipiesApp.framework */; };
/* End PBXBuildFile section */

/* Begin PBXFileReference section */
		1A306BA66E01FD5B8E18FAFF /* Pods-RecipiesApp.release.xcconfig */ = {isa = PBXFileReference; includeInIndex = 1; lastKnownFileType = text.xcconfig; name = "Pods-RecipiesApp.release.xcconfig"; path = "Pods/Target Support Files/Pods-RecipiesApp/Pods-RecipiesApp.release.xcconfig"; sourceTree = "<group>"; };
		5882E28C22CBA7300048E80F /* Model.swift */ = {isa = PBXFileReference; lastKnownFileType = sourcecode.swift; path = Model.swift; sourceTree = "<group>"; };
		5882E28E22CBA8DC0048E80F /* ModelManager.swift */ = {isa = PBXFileReference; lastKnownFileType = sourcecode.swift; path = ModelManager.swift; sourceTree = "<group>"; };
		5882E29122CBA96A0048E80F /* Helper.swift */ = {isa = PBXFileReference; lastKnownFileType = sourcecode.swift; path = Helper.swift; sourceTree = "<group>"; };
		5882E29322CBBACA0048E80F /* RecipeTableViewCell.swift */ = {isa = PBXFileReference; lastKnownFileType = sourcecode.swift; path = RecipeTableViewCell.swift; sourceTree = "<group>"; };
		5882E29522CBBEAF0048E80F /* RecipeDetailsViewController.swift */ = {isa = PBXFileReference; lastKnownFileType = sourcecode.swift; path = RecipeDetailsViewController.swift; sourceTree = "<group>"; };
		58E01B8122CA6E4500BDC081 /* RecipiesApp.app */ = {isa = PBXFileReference; explicitFileType = wrapper.application; includeInIndex = 0; path = RecipiesApp.app; sourceTree = BUILT_PRODUCTS_DIR; };
		58E01B8422CA6E4500BDC081 /* AppDelegate.swift */ = {isa = PBXFileReference; lastKnownFileType = sourcecode.swift; path = AppDelegate.swift; sourceTree = "<group>"; };
		58E01B8622CA6E4500BDC081 /* ViewController.swift */ = {isa = PBXFileReference; lastKnownFileType = sourcecode.swift; path = ViewController.swift; sourceTree = "<group>"; };
		58E01B8922CA6E4500BDC081 /* Base */ = {isa = PBXFileReference; lastKnownFileType = file.storyboard; name = Base; path = Base.lproj/Main.storyboard; sourceTree = "<group>"; };
		58E01B8B22CA6E4800BDC081 /* Assets.xcassets */ = {isa = PBXFileReference; lastKnownFileType = folder.assetcatalog; path = Assets.xcassets; sourceTree = "<group>"; };
		58E01B8E22CA6E4800BDC081 /* Base */ = {isa = PBXFileReference; lastKnownFileType = file.storyboard; name = Base; path = Base.lproj/LaunchScreen.storyboard; sourceTree = "<group>"; };
		58E01B9022CA6E4800BDC081 /* Info.plist */ = {isa = PBXFileReference; lastKnownFileType = text.plist.xml; path = Info.plist; sourceTree = "<group>"; };
		7FB03F3AE16FA9AEAF04292F /* Pods-RecipiesApp.debug.xcconfig */ = {isa = PBXFileReference; includeInIndex = 1; lastKnownFileType = text.xcconfig; name = "Pods-RecipiesApp.debug.xcconfig"; path = "Pods/Target Support Files/Pods-RecipiesApp/Pods-RecipiesApp.debug.xcconfig"; sourceTree = "<group>"; };
		83823A49AE77039F562666BA /* Pods_RecipiesApp.framework */ = {isa = PBXFileReference; explicitFileType = wrapper.framework; includeInIndex = 0; path = Pods_RecipiesApp.framework; sourceTree = BUILT_PRODUCTS_DIR; };
/* End PBXFileReference section */

/* Begin PBXFrameworksBuildPhase section */
		58E01B7E22CA6E4500BDC081 /* Frameworks */ = {
			isa = PBXFrameworksBuildPhase;
			buildActionMask = 2147483647;
			files = (
				897A4C2421B7D2091A4F2C9A /* Pods_RecipiesApp.framework in Frameworks */,
			);
			runOnlyForDeploymentPostprocessing = 0;
		};
/* End PBXFrameworksBuildPhase section */

/* Begin PBXGroup section */
		5882E29022CBA8E60048E80F /* API */ = {
			isa = PBXGroup;
			children = (
				5882E28C22CBA7300048E80F /* Model.swift */,
				5882E28E22CBA8DC0048E80F /* ModelManager.swift */,
			);
			path = API;
			sourceTree = "<group>";
		};
		5882E29722CBC6270048E80F /* Controller */ = {
			isa = PBXGroup;
			children = (
				58E01B8622CA6E4500BDC081 /* ViewController.swift */,
				5882E29522CBBEAF0048E80F /* RecipeDetailsViewController.swift */,
			);
			path = Controller;
			sourceTree = "<group>";
		};
		5882E29822CBC64D0048E80F /* UIViewSubClasses */ = {
			isa = PBXGroup;
			children = (
				5882E29322CBBACA0048E80F /* RecipeTableViewCell.swift */,
			);
			path = UIViewSubClasses;
			sourceTree = "<group>";
		};
		58E01B7822CA6E4500BDC081 = {
			isa = PBXGroup;
			children = (
				58E01B8322CA6E4500BDC081 /* RecipiesApp */,
				58E01B8222CA6E4500BDC081 /* Products */,
				8C8A06394D1ED61DEF9126EC /* Pods */,
				984D9CE0F06FDEB6C44F287D /* Frameworks */,
			);
			sourceTree = "<group>";
		};
		58E01B8222CA6E4500BDC081 /* Products */ = {
			isa = PBXGroup;
			children = (
				58E01B8122CA6E4500BDC081 /* RecipiesApp.app */,
			);
			name = Products;
			sourceTree = "<group>";
		};
		58E01B8322CA6E4500BDC081 /* RecipiesApp */ = {
			isa = PBXGroup;
			children = (
				58E01B8422CA6E4500BDC081 /* AppDelegate.swift */,
				5882E29122CBA96A0048E80F /* Helper.swift */,
				5882E29822CBC64D0048E80F /* UIViewSubClasses */,
				5882E29722CBC6270048E80F /* Controller */,
				5882E29022CBA8E60048E80F /* API */,
				58E01B8822CA6E4500BDC081 /* Main.storyboard */,
				58E01B8B22CA6E4800BDC081 /* Assets.xcassets */,
				58E01B8D22CA6E4800BDC081 /* LaunchScreen.storyboard */,
				58E01B9022CA6E4800BDC081 /* Info.plist */,
			);
			path = RecipiesApp;
			sourceTree = "<group>";
		};
		8C8A06394D1ED61DEF9126EC /* Pods */ = {
			isa = PBXGroup;
			children = (
				7FB03F3AE16FA9AEAF04292F /* Pods-RecipiesApp.debug.xcconfig */,
				1A306BA66E01FD5B8E18FAFF /* Pods-RecipiesApp.release.xcconfig */,
			);
			name = Pods;
			sourceTree = "<group>";
		};
		984D9CE0F06FDEB6C44F287D /* Frameworks */ = {
			isa = PBXGroup;
			children = (
				83823A49AE77039F562666BA /* Pods_RecipiesApp.framework */,
			);
			name = Frameworks;
			sourceTree = "<group>";
		};
/* End PBXGroup section */

/* Begin PBXNativeTarget section */
		58E01B8022CA6E4500BDC081 /* RecipiesApp */ = {
			isa = PBXNativeTarget;
			buildConfigurationList = 58E01B9322CA6E4800BDC081 /* Build configuration list for PBXNativeTarget "RecipiesApp" */;
			buildPhases = (
				2666DFC2A40C41A76359971B /* [CP] Check Pods Manifest.lock */,
				58E01B7D22CA6E4500BDC081 /* Sources */,
				58E01B7E22CA6E4500BDC081 /* Frameworks */,
				58E01B7F22CA6E4500BDC081 /* Resources */,
				2777F51975581BF304AD5979 /* [CP] Embed Pods Frameworks */,
			);
			buildRules = (
			);
			dependencies = (
			);
			name = RecipiesApp;
			productName = RecipiesApp;
			productReference = 58E01B8122CA6E4500BDC081 /* RecipiesApp.app */;
			productType = "com.apple.product-type.application";
		};
/* End PBXNativeTarget section */

/* Begin PBXProject section */
		58E01B7922CA6E4500BDC081 /* Project object */ = {
			isa = PBXProject;
			attributes = {
				LastSwiftUpdateCheck = 1010;
				LastUpgradeCheck = 1010;
				ORGANIZATIONNAME = "Waqas Hussain";
				TargetAttributes = {
					58E01B8022CA6E4500BDC081 = {
						CreatedOnToolsVersion = 10.1;
					};
				};
			};
			buildConfigurationList = 58E01B7C22CA6E4500BDC081 /* Build configuration list for PBXProject "RecipiesApp" */;
			compatibilityVersion = "Xcode 9.3";
			developmentRegion = en;
			hasScannedForEncodings = 0;
			knownRegions = (
				en,
				Base,
			);
			mainGroup = 58E01B7822CA6E4500BDC081;
			productRefGroup = 58E01B8222CA6E4500BDC081 /* Products */;
			projectDirPath = "";
			projectRoot = "";
			targets = (
				58E01B8022CA6E4500BDC081 /* RecipiesApp */,
			);
		};
/* End PBXProject section */

/* Begin PBXResourcesBuildPhase section */
		58E01B7F22CA6E4500BDC081 /* Resources */ = {
			isa = PBXResourcesBuildPhase;
			buildActionMask = 2147483647;
			files = (
				58E01B8F22CA6E4800BDC081 /* LaunchScreen.storyboard in Resources */,
				58E01B8C22CA6E4800BDC081 /* Assets.xcassets in Resources */,
				58E01B8A22CA6E4500BDC081 /* Main.storyboard in Resources */,
			);
			runOnlyForDeploymentPostprocessing = 0;
		};
/* End PBXResourcesBuildPhase section */

/* Begin PBXShellScriptBuildPhase section */
		2666DFC2A40C41A76359971B /* [CP] Check Pods Manifest.lock */ = {
			isa = PBXShellScriptBuildPhase;
			buildActionMask = 2147483647;
			files = (
			);
			inputFileListPaths = (
			);
			inputPaths = (
				"${PODS_PODFILE_DIR_PATH}/Podfile.lock",
				"${PODS_ROOT}/Manifest.lock",
			);
			name = "[CP] Check Pods Manifest.lock";
			outputFileListPaths = (
			);
			outputPaths = (
				"$(DERIVED_FILE_DIR)/Pods-RecipiesApp-checkManifestLockResult.txt",
			);
			runOnlyForDeploymentPostprocessing = 0;
			shellPath = /bin/sh;
			shellScript = "diff \"${PODS_PODFILE_DIR_PATH}/Podfile.lock\" \"${PODS_ROOT}/Manifest.lock\" > /dev/null\nif [ $? != 0 ] ; then\n    # print error to STDERR\n    echo \"error: The sandbox is not in sync with the Podfile.lock. Run 'pod install' or update your CocoaPods installation.\" >&2\n    exit 1\nfi\n# This output is used by Xcode 'outputs' to avoid re-running this script phase.\necho \"SUCCESS\" > \"${SCRIPT_OUTPUT_FILE_0}\"\n";
			showEnvVarsInLog = 0;
		};
		2777F51975581BF304AD5979 /* [CP] Embed Pods Frameworks */ = {
			isa = PBXShellScriptBuildPhase;
			buildActionMask = 2147483647;
			files = (
			);
			inputFileListPaths = (
			);
			inputPaths = (
				"${SRCROOT}/Pods/Target Support Files/Pods-RecipiesApp/Pods-RecipiesApp-frameworks.sh",
				"${BUILT_PRODUCTS_DIR}/Alamofire/Alamofire.framework",
				"${BUILT_PRODUCTS_DIR}/Kingfisher/Kingfisher.framework",
			);
			name = "[CP] Embed Pods Frameworks";
			outputFileListPaths = (
			);
			outputPaths = (
				"${TARGET_BUILD_DIR}/${FRAMEWORKS_FOLDER_PATH}/Alamofire.framework",
				"${TARGET_BUILD_DIR}/${FRAMEWORKS_FOLDER_PATH}/Kingfisher.framework",
			);
			runOnlyForDeploymentPostprocessing = 0;
			shellPath = /bin/sh;
			shellScript = "\"${SRCROOT}/Pods/Target Support Files/Pods-RecipiesApp/Pods-RecipiesApp-frameworks.sh\"\n";
			showEnvVarsInLog = 0;
		};
/* End PBXShellScriptBuildPhase section */

/* Begin PBXSourcesBuildPhase section */
		58E01B7D22CA6E4500BDC081 /* Sources */ = {
			isa = PBXSourcesBuildPhase;
			buildActionMask = 2147483647;
			files = (
				5882E28D22CBA7300048E80F /* Model.swift in Sources */,
				5882E28F22CBA8DC0048E80F /* ModelManager.swift in Sources */,
				5882E29222CBA96A0048E80F /* Helper.swift in Sources */,
				5882E29622CBBEAF0048E80F /* RecipeDetailsViewController.swift in Sources */,
				5882E29422CBBACA0048E80F /* RecipeTableViewCell.swift in Sources */,
				58E01B8722CA6E4500BDC081 /* ViewController.swift in Sources */,
				58E01B8522CA6E4500BDC081 /* AppDelegate.swift in Sources */,
			);
			runOnlyForDeploymentPostprocessing = 0;
		};
/* End PBXSourcesBuildPhase section */

/* Begin PBXVariantGroup section */
		58E01B8822CA6E4500BDC081 /* Main.storyboard */ = {
			isa = PBXVariantGroup;
			children = (
				58E01B8922CA6E4500BDC081 /* Base */,
			);
			name = Main.storyboard;
			sourceTree = "<group>";
		};
		58E01B8D22CA6E4800BDC081 /* LaunchScreen.storyboard */ = {
			isa = PBXVariantGroup;
			children = (
				58E01B8E22CA6E4800BDC081 /* Base */,
			);
			name = LaunchScreen.storyboard;
			sourceTree = "<group>";
		};
/* End PBXVariantGroup section */

/* Begin XCBuildConfiguration section */
		58E01B9122CA6E4800BDC081 /* Debug */ = {
			isa = XCBuildConfiguration;
			buildSettings = {
				ALWAYS_SEARCH_USER_PATHS = NO;
				CLANG_ANALYZER_NONNULL = YES;
				CLANG_ANALYZER_NUMBER_OBJECT_CONVERSION = YES_AGGRESSIVE;
				CLANG_CXX_LANGUAGE_STANDARD = "gnu++14";
				CLANG_CXX_LIBRARY = "libc++";
				CLANG_ENABLE_MODULES = YES;
				CLANG_ENABLE_OBJC_ARC = YES;
				CLANG_ENABLE_OBJC_WEAK = YES;
				CLANG_WARN_BLOCK_CAPTURE_AUTORELEASING = YES;
				CLANG_WARN_BOOL_CONVERSION = YES;
				CLANG_WARN_COMMA = YES;
				CLANG_WARN_CONSTANT_CONVERSION = YES;
				CLANG_WARN_DEPRECATED_OBJC_IMPLEMENTATIONS = YES;
				CLANG_WARN_DIRECT_OBJC_ISA_USAGE = YES_ERROR;
				CLANG_WARN_DOCUMENTATION_COMMENTS = YES;
				CLANG_WARN_EMPTY_BODY = YES;
				CLANG_WARN_ENUM_CONVERSION = YES;
				CLANG_WARN_INFINITE_RECURSION = YES;
				CLANG_WARN_INT_CONVERSION = YES;
				CLANG_WARN_NON_LITERAL_NULL_CONVERSION = YES;
				CLANG_WARN_OBJC_IMPLICIT_RETAIN_SELF = YES;
				CLANG_WARN_OBJC_LITERAL_CONVERSION = YES;
				CLANG_WARN_OBJC_ROOT_CLASS = YES_ERROR;
				CLANG_WARN_RANGE_LOOP_ANALYSIS = YES;
				CLANG_WARN_STRICT_PROTOTYPES = YES;
				CLANG_WARN_SUSPICIOUS_MOVE = YES;
				CLANG_WARN_UNGUARDED_AVAILABILITY = YES_AGGRESSIVE;
				CLANG_WARN_UNREACHABLE_CODE = YES;
				CLANG_WARN__DUPLICATE_METHOD_MATCH = YES;
				CODE_SIGN_IDENTITY = "iPhone Developer";
				COPY_PHASE_STRIP = NO;
				DEBUG_INFORMATION_FORMAT = dwarf;
				ENABLE_STRICT_OBJC_MSGSEND = YES;
				ENABLE_TESTABILITY = YES;
				GCC_C_LANGUAGE_STANDARD = gnu11;
				GCC_DYNAMIC_NO_PIC = NO;
				GCC_NO_COMMON_BLOCKS = YES;
				GCC_OPTIMIZATION_LEVEL = 0;
				GCC_PREPROCESSOR_DEFINITIONS = (
					"DEBUG=1",
					"$(inherited)",
				);
				GCC_WARN_64_TO_32_BIT_CONVERSION = YES;
				GCC_WARN_ABOUT_RETURN_TYPE = YES_ERROR;
				GCC_WARN_UNDECLARED_SELECTOR = YES;
				GCC_WARN_UNINITIALIZED_AUTOS = YES_AGGRESSIVE;
				GCC_WARN_UNUSED_FUNCTION = YES;
				GCC_WARN_UNUSED_VARIABLE = YES;
				IPHONEOS_DEPLOYMENT_TARGET = 12.1;
				MTL_ENABLE_DEBUG_INFO = INCLUDE_SOURCE;
				MTL_FAST_MATH = YES;
				ONLY_ACTIVE_ARCH = YES;
				SDKROOT = iphoneos;
				SWIFT_ACTIVE_COMPILATION_CONDITIONS = DEBUG;
				SWIFT_OPTIMIZATION_LEVEL = "-Onone";
			};
			name = Debug;
		};
		58E01B9222CA6E4800BDC081 /* Release */ = {
			isa = XCBuildConfiguration;
			buildSettings = {
				ALWAYS_SEARCH_USER_PATHS = NO;
				CLANG_ANALYZER_NONNULL = YES;
				CLANG_ANALYZER_NUMBER_OBJECT_CONVERSION = YES_AGGRESSIVE;
				CLANG_CXX_LANGUAGE_STANDARD = "gnu++14";
				CLANG_CXX_LIBRARY = "libc++";
				CLANG_ENABLE_MODULES = YES;
				CLANG_ENABLE_OBJC_ARC = YES;
				CLANG_ENABLE_OBJC_WEAK = YES;
				CLANG_WARN_BLOCK_CAPTURE_AUTORELEASING = YES;
				CLANG_WARN_BOOL_CONVERSION = YES;
				CLANG_WARN_COMMA = YES;
				CLANG_WARN_CONSTANT_CONVERSION = YES;
				CLANG_WARN_DEPRECATED_OBJC_IMPLEMENTATIONS = YES;
				CLANG_WARN_DIRECT_OBJC_ISA_USAGE = YES_ERROR;
				CLANG_WARN_DOCUMENTATION_COMMENTS = YES;
				CLANG_WARN_EMPTY_BODY = YES;
				CLANG_WARN_ENUM_CONVERSION = YES;
				CLANG_WARN_INFINITE_RECURSION = YES;
				CLANG_WARN_INT_CONVERSION = YES;
				CLANG_WARN_NON_LITERAL_NULL_CONVERSION = YES;
				CLANG_WARN_OBJC_IMPLICIT_RETAIN_SELF = YES;
				CLANG_WARN_OBJC_LITERAL_CONVERSION = YES;
				CLANG_WARN_OBJC_ROOT_CLASS = YES_ERROR;
				CLANG_WARN_RANGE_LOOP_ANALYSIS = YES;
				CLANG_WARN_STRICT_PROTOTYPES = YES;
				CLANG_WARN_SUSPICIOUS_MOVE = YES;
				CLANG_WARN_UNGUARDED_AVAILABILITY = YES_AGGRESSIVE;
				CLANG_WARN_UNREACHABLE_CODE = YES;
				CLANG_WARN__DUPLICATE_METHOD_MATCH = YES;
				CODE_SIGN_IDENTITY = "iPhone Developer";
				COPY_PHASE_STRIP = NO;
				DEBUG_INFORMATION_FORMAT = "dwarf-with-dsym";
				ENABLE_NS_ASSERTIONS = NO;
				ENABLE_STRICT_OBJC_MSGSEND = YES;
				GCC_C_LANGUAGE_STANDARD = gnu11;
				GCC_NO_COMMON_BLOCKS = YES;
				GCC_WARN_64_TO_32_BIT_CONVERSION = YES;
				GCC_WARN_ABOUT_RETURN_TYPE = YES_ERROR;
				GCC_WARN_UNDECLARED_SELECTOR = YES;
				GCC_WARN_UNINITIALIZED_AUTOS = YES_AGGRESSIVE;
				GCC_WARN_UNUSED_FUNCTION = YES;
				GCC_WARN_UNUSED_VARIABLE = YES;
				IPHONEOS_DEPLOYMENT_TARGET = 12.1;
				MTL_ENABLE_DEBUG_INFO = NO;
				MTL_FAST_MATH = YES;
				SDKROOT = iphoneos;
				SWIFT_COMPILATION_MODE = wholemodule;
				SWIFT_OPTIMIZATION_LEVEL = "-O";
				VALIDATE_PRODUCT = YES;
			};
			name = Release;
		};
		58E01B9422CA6E4800BDC081 /* Debug */ = {
			isa = XCBuildConfiguration;
			baseConfigurationReference = 7FB03F3AE16FA9AEAF04292F /* Pods-RecipiesApp.debug.xcconfig */;
			buildSettings = {
				ASSETCATALOG_COMPILER_APPICON_NAME = AppIcon;
				CODE_SIGN_STYLE = Automatic;
				DEVELOPMENT_TEAM = M9MSRMULXS;
				INFOPLIST_FILE = RecipiesApp/Info.plist;
				LD_RUNPATH_SEARCH_PATHS = (
					"$(inherited)",
					"@executable_path/Frameworks",
				);
				PRODUCT_BUNDLE_IDENTIFIER = com.waqas.RecipiesApp;
				PRODUCT_NAME = "$(TARGET_NAME)";
				SWIFT_VERSION = 4.2;
				TARGETED_DEVICE_FAMILY = "1,2";
			};
			name = Debug;
		};
		58E01B9522CA6E4800BDC081 /* Release */ = {
			isa = XCBuildConfiguration;
			baseConfigurationReference = 1A306BA66E01FD5B8E18FAFF /* Pods-RecipiesApp.release.xcconfig */;
			buildSettings = {
				ASSETCATALOG_COMPILER_APPICON_NAME = AppIcon;
				CODE_SIGN_STYLE = Automatic;
				DEVELOPMENT_TEAM = M9MSRMULXS;
				INFOPLIST_FILE = RecipiesApp/Info.plist;
				LD_RUNPATH_SEARCH_PATHS = (
					"$(inherited)",
					"@executable_path/Frameworks",
				);
				PRODUCT_BUNDLE_IDENTIFIER = com.waqas.RecipiesApp;
				PRODUCT_NAME = "$(TARGET_NAME)";
				SWIFT_VERSION = 4.2;
				TARGETED_DEVICE_FAMILY = "1,2";
			};
			name = Release;
		};
/* End XCBuildConfiguration section */

/* Begin XCConfigurationList section */
		58E01B7C22CA6E4500BDC081 /* Build configuration list for PBXProject "RecipiesApp" */ = {
			isa = XCConfigurationList;
			buildConfigurations = (
				58E01B9122CA6E4800BDC081 /* Debug */,
				58E01B9222CA6E4800BDC081 /* Release */,
			);
			defaultConfigurationIsVisible = 0;
			defaultConfigurationName = Release;
		};
		58E01B9322CA6E4800BDC081 /* Build configuration list for PBXNativeTarget "RecipiesApp" */ = {
			isa = XCConfigurationList;
			buildConfigurations = (
				58E01B9422CA6E4800BDC081 /* Debug */,
				58E01B9522CA6E4800BDC081 /* Release */,
			);
			defaultConfigurationIsVisible = 0;
			defaultConfigurationName = Release;
		};
/* End XCConfigurationList section */
	};
	rootObject = 58E01B7922CA6E4500BDC081 /* Project object */;
}
